
Microsoft Visual Studio Solution File, Format Version 12.00
# Visual Studio Version 17
VisualStudioVersion = 17.13.35818.85 d17.13
MinimumVisualStudioVersion = 10.0.40219.1
Project("{FAE04EC0-301F-11D3-BF4B-00C04F79EFBC}") = "Task1", "Task1\Task1.csproj", "{DE35002A-9D8C-42BF-8039-08FBDF7F7125}"
EndProject
Project("{FAE04EC0-301F-11D3-BF4B-00C04F79EFBC}") = "Task2", "Task2\Task2.csproj", "{5F320330-84FD-486D-8600-2E2FADC35B8C}"
EndProject
Global
	GlobalSection(SolutionConfigurationPlatforms) = preSolution
		Debug|Any CPU = Debug|Any CPU
		Release|Any CPU = Release|Any CPU
	EndGlobalSection
	GlobalSection(ProjectConfigurationPlatforms) = postSolution
		{DE35002A-9D8C-42BF-8039-08FBDF7F7125}.Debug|Any CPU.ActiveCfg = Debug|Any CPU
		{DE35002A-9D8C-42BF-8039-08FBDF7F7125}.Debug|Any CPU.Build.0 = Debug|Any CPU
		{DE35002A-9D8C-42BF-8039-08FBDF7F7125}.Release|Any CPU.ActiveCfg = Release|Any CPU
		{DE35002A-9D8C-42BF-8039-08FBDF7F7125}.Release|Any CPU.Build.0 = Release|Any CPU
		{5F320330-84FD-486D-8600-2E2FADC35B8C}.Debug|Any CPU.ActiveCfg = Debug|Any CPU
		{5F320330-84FD-486D-8600-2E2FADC35B8C}.Debug|Any CPU.Build.0 = Debug|Any CPU
		{5F320330-84FD-486D-8600-2E2FADC35B8C}.Release|Any CPU.ActiveCfg = Release|Any CPU
		{5F320330-84FD-486D-8600-2E2FADC35B8C}.Release|Any CPU.Build.0 = Release|Any CPU
	EndGlobalSection
	GlobalSection(SolutionProperties) = preSolution
		HideSolutionNode = FALSE
	EndGlobalSection
	GlobalSection(ExtensibilityGlobals) = postSolution
		SolutionGuid = {DB109E48-5122-4F75-B2CE-F23D872C9166}
	EndGlobalSection
EndGlobal
