
Microsoft Visual Studio Solution File, Format Version 12.00
# Visual Studio Version 17
VisualStudioVersion = 17.13.35818.85 d17.13
MinimumVisualStudioVersion = 10.0.40219.1
Project("{FAE04EC0-301F-11D3-BF4B-00C04F79EFBC}") = "AbstractAndInterface", "AbstractAndInterface\AbstractAndInterface.csproj", "{97FF43A2-0E4B-419A-9E02-2A8CA1569BA3}"
EndProject
Global
	GlobalSection(SolutionConfigurationPlatforms) = preSolution
		Debug|Any CPU = Debug|Any CPU
		Release|Any CPU = Release|Any CPU
	EndGlobalSection
	GlobalSection(ProjectConfigurationPlatforms) = postSolution
		{97FF43A2-0E4B-419A-9E02-2A8CA1569BA3}.Debug|Any CPU.ActiveCfg = Debug|Any CPU
		{97FF43A2-0E4B-419A-9E02-2A8CA1569BA3}.Debug|Any CPU.Build.0 = Debug|Any CPU
		{97FF43A2-0E4B-419A-9E02-2A8CA1569BA3}.Release|Any CPU.ActiveCfg = Release|Any CPU
		{97FF43A2-0E4B-419A-9E02-2A8CA1569BA3}.Release|Any CPU.Build.0 = Release|Any CPU
	EndGlobalSection
	GlobalSection(SolutionProperties) = preSolution
		HideSolutionNode = FALSE
	EndGlobalSection
	GlobalSection(ExtensibilityGlobals) = postSolution
		SolutionGuid = {A5ACF74C-CE4E-456B-9768-AD4A1EA65B4C}
	EndGlobalSection
EndGlobal
