
Microsoft Visual Studio Solution File, Format Version 12.00
# Visual Studio Version 17
VisualStudioVersion = 17.13.35818.85 d17.13
MinimumVisualStudioVersion = 10.0.40219.1
Project("{FAE04EC0-301F-11D3-BF4B-00C04F79EFBC}") = "Qinshift.AnonymousMethods", "Qinshift.AnonymousMethods\Qinshift.AnonymousMethods.csproj", "{BA240AC3-17B3-4183-B354-E12F34B3E69F}"
EndProject
Project("{FAE04EC0-301F-11D3-BF4B-00C04F79EFBC}") = "Qinshift.LinqMethods", "Qinshift.LinqMethods\Qinshift.LinqMethods.csproj", "{A0483D8D-F4C7-4823-A533-2D84F3DD5971}"
EndProject
Global
	GlobalSection(SolutionConfigurationPlatforms) = preSolution
		Debug|Any CPU = Debug|Any CPU
		Release|Any CPU = Release|Any CPU
	EndGlobalSection
	GlobalSection(ProjectConfigurationPlatforms) = postSolution
		{BA240AC3-17B3-4183-B354-E12F34B3E69F}.Debug|Any CPU.ActiveCfg = Debug|Any CPU
		{BA240AC3-17B3-4183-B354-E12F34B3E69F}.Debug|Any CPU.Build.0 = Debug|Any CPU
		{BA240AC3-17B3-4183-B354-E12F34B3E69F}.Release|Any CPU.ActiveCfg = Release|Any CPU
		{BA240AC3-17B3-4183-B354-E12F34B3E69F}.Release|Any CPU.Build.0 = Release|Any CPU
		{A0483D8D-F4C7-4823-A533-2D84F3DD5971}.Debug|Any CPU.ActiveCfg = Debug|Any CPU
		{A0483D8D-F4C7-4823-A533-2D84F3DD5971}.Debug|Any CPU.Build.0 = Debug|Any CPU
		{A0483D8D-F4C7-4823-A533-2D84F3DD5971}.Release|Any CPU.ActiveCfg = Release|Any CPU
		{A0483D8D-F4C7-4823-A533-2D84F3DD5971}.Release|Any CPU.Build.0 = Release|Any CPU
	EndGlobalSection
	GlobalSection(SolutionProperties) = preSolution
		HideSolutionNode = FALSE
	EndGlobalSection
	GlobalSection(ExtensibilityGlobals) = postSolution
		SolutionGuid = {A20C7712-6A9C-4581-ACC1-38E4DAE6809E}
	EndGlobalSection
EndGlobal
