
Microsoft Visual Studio Solution File, Format Version 12.00
# Visual Studio Version 17
VisualStudioVersion = 17.14.36121.58 d17.14
MinimumVisualStudioVersion = 10.0.40219.1
Project("{FAE04EC0-301F-11D3-BF4B-00C04F79EFBC}") = "Qinshift.MemoryAllocation", "Qinshift.MemoryAllocation\Qinshift.MemoryAllocation.csproj", "{D0592451-A671-4CAC-B050-365B8D00605D}"
EndProject
Project("{FAE04EC0-301F-11D3-BF4B-00C04F79EFBC}") = "Qinshift.Disposable", "Qinshift.Disposable\Qinshift.Disposable.csproj", "{C63F148C-CC08-47A2-9F8D-DF9440217E5F}"
EndProject
Project("{FAE04EC0-301F-11D3-BF4B-00C04F79EFBC}") = "Qinshift.SerializeDeserialize", "Qinshift.SerializeDeserialize\Qinshift.SerializeDeserialize.csproj", "{31D9AF47-2B28-4446-BB80-4DB376894A04}"
EndProject
Global
	GlobalSection(SolutionConfigurationPlatforms) = preSolution
		Debug|Any CPU = Debug|Any CPU
		Release|Any CPU = Release|Any CPU
	EndGlobalSection
	GlobalSection(ProjectConfigurationPlatforms) = postSolution
		{D0592451-A671-4CAC-B050-365B8D00605D}.Debug|Any CPU.ActiveCfg = Debug|Any CPU
		{D0592451-A671-4CAC-B050-365B8D00605D}.Debug|Any CPU.Build.0 = Debug|Any CPU
		{D0592451-A671-4CAC-B050-365B8D00605D}.Release|Any CPU.ActiveCfg = Release|Any CPU
		{D0592451-A671-4CAC-B050-365B8D00605D}.Release|Any CPU.Build.0 = Release|Any CPU
		{C63F148C-CC08-47A2-9F8D-DF9440217E5F}.Debug|Any CPU.ActiveCfg = Debug|Any CPU
		{C63F148C-CC08-47A2-9F8D-DF9440217E5F}.Debug|Any CPU.Build.0 = Debug|Any CPU
		{C63F148C-CC08-47A2-9F8D-DF9440217E5F}.Release|Any CPU.ActiveCfg = Release|Any CPU
		{C63F148C-CC08-47A2-9F8D-DF9440217E5F}.Release|Any CPU.Build.0 = Release|Any CPU
		{31D9AF47-2B28-4446-BB80-4DB376894A04}.Debug|Any CPU.ActiveCfg = Debug|Any CPU
		{31D9AF47-2B28-4446-BB80-4DB376894A04}.Debug|Any CPU.Build.0 = Debug|Any CPU
		{31D9AF47-2B28-4446-BB80-4DB376894A04}.Release|Any CPU.ActiveCfg = Release|Any CPU
		{31D9AF47-2B28-4446-BB80-4DB376894A04}.Release|Any CPU.Build.0 = Release|Any CPU
	EndGlobalSection
	GlobalSection(SolutionProperties) = preSolution
		HideSolutionNode = FALSE
	EndGlobalSection
	GlobalSection(ExtensibilityGlobals) = postSolution
		SolutionGuid = {77401F4C-9D81-4BAB-907F-59A72F0560FF}
	EndGlobalSection
EndGlobal
